Microsoft Visual Studio Solution File, Format Version 12.00
# Visual Studio Version 17
VisualStudioVersion = 17.5.2.0
MinimumVisualStudioVersion = 10.0.40219.1
Project("{FAE04EC0-301F-11D3-BF4B-00C04F79EFBC}") = "backendfinal", "backendfinal.csproj", "{4F6F5924-4BEE-4611-7A79-D81A72F57087}"
EndProject
Global
	GlobalSection(SolutionConfigurationPlatforms) = preSolution
		Debug|Any CPU = Debug|Any CPU
		Release|Any CPU = Release|Any CPU
	EndGlobalSection
	GlobalSection(ProjectConfigurationPlatforms) = postSolution
		{4F6F5924-4BEE-4611-7A79-D81A72F57087}.Debug|Any CPU.ActiveCfg = Debug|Any CPU
		{4F6F5924-4BEE-4611-7A79-D81A72F57087}.Debug|Any CPU.Build.0 = Debug|Any CPU
		{4F6F5924-4BEE-4611-7A79-D81A72F57087}.Release|Any CPU.ActiveCfg = Release|Any CPU
		{4F6F5924-4BEE-4611-7A79-D81A72F57087}.Release|Any CPU.Build.0 = Release|Any CPU
	EndGlobalSection
	GlobalSection(SolutionProperties) = preSolution
		HideSolutionNode = FALSE
	EndGlobalSection
	GlobalSection(ExtensibilityGlobals) = postSolution
		SolutionGuid = {B734538F-3B43-4B32-BC30-B766058B9B5F}
	EndGlobalSection
EndGlobal
